{
	"name": "speedtest-net",
	"version": "1.4.2",
	"lockfileVersion": 1,
	"requires": true,
	"dependencies": {
		"Base64": {
			"version": "1.0.1",
			"resolved": "https://registry.npmjs.org/Base64/-/Base64-1.0.1.tgz",
			"integrity": "sha1-3vRcxQyWG8yb8jIdD1K8v+wfG7E="
		},
		"base64-js": {
			"version": "1.2.3",
			"resolved": "https://registry.npmjs.org/base64-js/-/base64-js-1.2.3.tgz",
			"integrity": "sha512-MsAhsUW1GxCdgYSO6tAfZrNapmUKk7mWx/k5mFY/A1gBtkaCaNapTg+FExCw1r9yeaZhqx/xPg43xgTFH6KL5w=="
		},
		"buffer": {
			"version": "5.0.8",
			"resolved": "https://registry.npmjs.org/buffer/-/buffer-5.0.8.tgz",
			"integrity": "sha512-xXvjQhVNz50v2nPeoOsNqWCLGfiv4ji/gXZM28jnVwdLJxH4mFyqgqCKfaK9zf1KUbG6zTkjLOy7ou+jSMarGA==",
			"requires": {
				"base64-js": "1.2.3",
				"ieee754": "1.1.8"
			}
		},
		"emitter-component": {
			"version": "1.1.1",
			"resolved": "https://registry.npmjs.org/emitter-component/-/emitter-component-1.1.1.tgz",
			"integrity": "sha1-Bl4tvtaVm/RwZ57avq95gdEAOrY="
		},
		"events": {
			"version": "1.1.1",
			"resolved": "https://registry.npmjs.org/events/-/events-1.1.1.tgz",
			"integrity": "sha1-nr23Y1rQmccNzEwqH1AEKI6L2SQ="
		},
		"ieee754": {
			"version": "1.1.8",
			"resolved": "https://registry.npmjs.org/ieee754/-/ieee754-1.1.8.tgz",
			"integrity": "sha1-vjPUCsEO8ZJnAfbwii2G+/0a0+Q="
		},
		"inherits": {
			"version": "2.0.3",
			"resolved": "https://registry.npmjs.org/inherits/-/inherits-2.0.3.tgz",
			"integrity": "sha1-Yzwsg+PaQqUC9SRmAiSA9CCCYd4="
		},
		"punycode": {
			"version": "1.3.2",
			"resolved": "https://registry.npmjs.org/punycode/-/punycode-1.3.2.tgz",
			"integrity": "sha1-llOgNvt8HuQjQvIyXM7v6jkmxI0="
		},
		"querystring": {
			"version": "0.2.0",
			"resolved": "https://registry.npmjs.org/querystring/-/querystring-0.2.0.tgz",
			"integrity": "sha1-sgmEkgO7Jd+CDadW50cAWHhSFiA="
		},
		"react-native-md5": {
			"version": "1.0.0",
			"resolved": "https://registry.npmjs.org/react-native-md5/-/react-native-md5-1.0.0.tgz",
			"integrity": "sha1-IyC+JNZ0k4rl709JJpjtu/oOAgU="
		},
		"react-native-xml2js": {
			"version": "1.0.3",
			"resolved": "https://registry.npmjs.org/react-native-xml2js/-/react-native-xml2js-1.0.3.tgz",
			"integrity": "sha1-fsZCY+BDAxdDJnEL4/TtMtLosAs=",
			"requires": {
				"buffer": "5.0.8",
				"events": "1.1.1",
				"sax": "0.6.1",
				"stream": "0.0.2",
				"timers": "0.1.1",
				"xmlbuilder": "8.2.2"
			}
		},
		"sax": {
			"version": "0.6.1",
			"resolved": "https://registry.npmjs.org/sax/-/sax-0.6.1.tgz",
			"integrity": "sha1-VjsZx8HeiS4Jv8Ty/DDjwn8JUrk="
		},
		"stream": {
			"version": "0.0.2",
			"resolved": "https://registry.npmjs.org/stream/-/stream-0.0.2.tgz",
			"integrity": "sha1-f1Nj8Ff2WSxVlfALyAon9c7B8O8=",
			"requires": {
				"emitter-component": "1.1.1"
			}
		},
		"timers": {
			"version": "0.1.1",
			"resolved": "https://registry.npmjs.org/timers/-/timers-0.1.1.tgz",
			"integrity": "sha1-hqxceMHuQZaU81pY3k/UGDz7nB4="
		},
		"url": {
			"version": "0.11.0",
			"resolved": "https://registry.npmjs.org/url/-/url-0.11.0.tgz",
			"integrity": "sha1-ODjpfPxgUh63PFJajlW/3Z4uKPE=",
			"requires": {
				"punycode": "1.3.2",
				"querystring": "0.2.0"
			}
		},
		"xmlbuilder": {
			"version": "8.2.2",
			"resolved": "https://registry.npmjs.org/xmlbuilder/-/xmlbuilder-8.2.2.tgz",
			"integrity": "sha1-aSSGc0ELS6QuGmE2VR0pIjNap3M="
		}
	}
}
